
Microsoft Visual Studio Solution File, Format Version 11.00
# Visual Studio 2010
Project("{F184B08F-C81C-45F6-A57F-5ABD9991F28F}") = "SqlCompactExample", "SqlCompactExample.vbproj", "{76BD10DF-92D2-4322-836A-876BA3FCDBA1}"
EndProject
Global
	GlobalSection(SolutionConfigurationPlatforms) = preSolution
		Debug|x86 = Debug|x86
		Release|x86 = Release|x86
	EndGlobalSection
	GlobalSection(ProjectConfigurationPlatforms) = postSolution
		{76BD10DF-92D2-4322-836A-876BA3FCDBA1}.Debug|x86.ActiveCfg = Debug|x86
		{76BD10DF-92D2-4322-836A-876BA3FCDBA1}.Debug|x86.Build.0 = Debug|x86
		{76BD10DF-92D2-4322-836A-876BA3FCDBA1}.Release|x86.ActiveCfg = Release|x86
		{76BD10DF-92D2-4322-836A-876BA3FCDBA1}.Release|x86.Build.0 = Release|x86
	EndGlobalSection
	GlobalSection(SolutionProperties) = preSolution
		HideSolutionNode = FALSE
	EndGlobalSection
EndGlobal
