
Microsoft Visual Studio Solution File, Format Version 11.00
# Visual Studio 2010
Project("{F184B08F-C81C-45F6-A57F-5ABD9991F28F}") = "ListViewWithImages", "ListViewWithImages.vbproj", "{14081A68-A947-40CB-BB1E-E2941BACE01F}"
EndProject
Global
	GlobalSection(SolutionConfigurationPlatforms) = preSolution
		Debug|x86 = Debug|x86
		Release|x86 = Release|x86
	EndGlobalSection
	GlobalSection(ProjectConfigurationPlatforms) = postSolution
		{14081A68-A947-40CB-BB1E-E2941BACE01F}.Debug|x86.ActiveCfg = Debug|x86
		{14081A68-A947-40CB-BB1E-E2941BACE01F}.Debug|x86.Build.0 = Debug|x86
		{14081A68-A947-40CB-BB1E-E2941BACE01F}.Release|x86.ActiveCfg = Release|x86
		{14081A68-A947-40CB-BB1E-E2941BACE01F}.Release|x86.Build.0 = Release|x86
	EndGlobalSection
	GlobalSection(SolutionProperties) = preSolution
		HideSolutionNode = FALSE
	EndGlobalSection
EndGlobal
