
Microsoft Visual Studio Solution File, Format Version 11.00
# Visual Studio 2010
Project("{FAE04EC0-301F-11D3-BF4B-00C04F79EFBC}") = "MoveLimitation", "MoveLimitation.csproj", "{E20BCD9A-5E18-44B9-B33F-978A4C781194}"
EndProject
Global
	GlobalSection(SolutionConfigurationPlatforms) = preSolution
		Debug|x86 = Debug|x86
		Release|x86 = Release|x86
	EndGlobalSection
	GlobalSection(ProjectConfigurationPlatforms) = postSolution
		{E20BCD9A-5E18-44B9-B33F-978A4C781194}.Debug|x86.ActiveCfg = Debug|x86
		{E20BCD9A-5E18-44B9-B33F-978A4C781194}.Debug|x86.Build.0 = Debug|x86
		{E20BCD9A-5E18-44B9-B33F-978A4C781194}.Release|x86.ActiveCfg = Release|x86
		{E20BCD9A-5E18-44B9-B33F-978A4C781194}.Release|x86.Build.0 = Release|x86
	EndGlobalSection
	GlobalSection(SolutionProperties) = preSolution
		HideSolutionNode = FALSE
	EndGlobalSection
EndGlobal
