
Microsoft Visual Studio Solution File, Format Version 11.00
# Visual Studio 2010
Project("{F184B08F-C81C-45F6-A57F-5ABD9991F28F}") = "FormiusPolneishius", "FormiusPolneishius.vbproj", "{8E89D513-FB0E-462F-BD52-9AC0BCB3333B}"
EndProject
Global
	GlobalSection(SolutionConfigurationPlatforms) = preSolution
		Debug|Any CPU = Debug|Any CPU
		Release|Any CPU = Release|Any CPU
	EndGlobalSection
	GlobalSection(ProjectConfigurationPlatforms) = postSolution
		{8E89D513-FB0E-462F-BD52-9AC0BCB3333B}.Debug|Any CPU.ActiveCfg = Debug|Any CPU
		{8E89D513-FB0E-462F-BD52-9AC0BCB3333B}.Debug|Any CPU.Build.0 = Debug|Any CPU
		{8E89D513-FB0E-462F-BD52-9AC0BCB3333B}.Release|Any CPU.ActiveCfg = Release|Any CPU
		{8E89D513-FB0E-462F-BD52-9AC0BCB3333B}.Release|Any CPU.Build.0 = Release|Any CPU
	EndGlobalSection
	GlobalSection(SolutionProperties) = preSolution
		HideSolutionNode = FALSE
	EndGlobalSection
EndGlobal
